
Microsoft Visual Studio Solution File, Format Version 11.00
# Visual Studio 2010
Project("{FAE04EC0-301F-11D3-BF4B-00C04F79EFBC}") = "Assembly-CSharp", "Assembly-CSharp.csproj", "{13e0d216-ffaf-e143-5694-bd49b35b0b96}"
EndProject
Project("{FAE04EC0-301F-11D3-BF4B-00C04F79EFBC}") = "Assembly-CSharp-Editor-firstpass", "Assembly-CSharp-Editor-firstpass.csproj", "{54dadb06-03df-786e-9284-fd89b1a28322}"
EndProject
Global
	GlobalSection(SolutionConfigurationPlatforms) = preSolution
		Debug|Any CPU = Debug|Any CPU
	EndGlobalSection
	GlobalSection(ProjectConfigurationPlatforms) = postSolution
		{13e0d216-ffaf-e143-5694-bd49b35b0b96}.Debug|Any CPU.ActiveCfg = Debug|Any CPU
		{13e0d216-ffaf-e143-5694-bd49b35b0b96}.Debug|Any CPU.Build.0 = Debug|Any CPU
		{54dadb06-03df-786e-9284-fd89b1a28322}.Debug|Any CPU.ActiveCfg = Debug|Any CPU
		{54dadb06-03df-786e-9284-fd89b1a28322}.Debug|Any CPU.Build.0 = Debug|Any CPU
	EndGlobalSection
	GlobalSection(SolutionProperties) = preSolution
		HideSolutionNode = FALSE
	EndGlobalSection
EndGlobal
